<?xml version="1.0" encoding="utf-8"?>
<Project ToolsVersion="4.0" xmlns="http://schemas.microsoft.com/developer/msbuild/2003">
  <ItemGroup>
    <Filter Include="Source Files">
      <UniqueIdentifier>{4FC737F1-C7A5-4376-A066-2A32D752A2FF}</UniqueIdentifier>
      <Extensions>acs;cpp;c;cc;cxx;def;odl;idl;hpj;bat;asm;asmx</Extensions>
    </Filter>
    <Filter Include="Header Files">
      <UniqueIdentifier>{93995380-89BD-4b04-88EB-625FBE52EBFB}</UniqueIdentifier>
      <Extensions>h;hh;hpp;hxx;hm;inl;inc;xsd</Extensions>
    </Filter>
    <Filter Include="Resource Files">
      <UniqueIdentifier>{67DA6AB6-F800-4c08-8B7A-83BB121AAD01}</UniqueIdentifier>
      <Extensions>rc;ico;cur;bmp;dlg;rc2;rct;bin;rgs;gif;jpg;jpeg;jpe;resx;tiff;tif;png;wav;mfcribbon-ms</Extensions>
    </Filter>
  </ItemGroup>
  <ItemGroup>
    <None Include="..\Choices\Compile\RPGXLat.acs">
      <Filter>Source Files</Filter>
    </None>
    <None Include="..\Choices\Compile\RPGWList.acs">
      <Filter>Source Files</Filter>
    </None>
    <None Include="..\Choices\Compile\RPGWFunc.acs">
      <Filter>Source Files</Filter>
    </None>
    <None Include="..\Choices\Compile\RPGWeaps.acs">
      <Filter>Source Files</Filter>
    </None>
    <None Include="..\Choices\Compile\RPGSpecs.acs">
      <Filter>Source Files</Filter>
    </None>
    <None Include="..\Choices\Compile\RPGSList.acs">
      <Filter>Source Files</Filter>
    </None>
    <None Include="..\Choices\Compile\RPGSkill.acs">
      <Filter>Source Files</Filter>
    </None>
    <None Include="..\Choices\Compile\RPGSFunc.acs">
      <Filter>Source Files</Filter>
    </None>
    <None Include="..\Choices\Compile\RPGRegen.acs">
      <Filter>Source Files</Filter>
    </None>
    <None Include="..\Choices\Compile\RPGRage.acs">
      <Filter>Source Files</Filter>
    </None>
    <None Include="..\Choices\Compile\RPGPList.acs">
      <Filter>Source Files</Filter>
    </None>
    <None Include="..\Choices\Compile\RPGPlay.acs">
      <Filter>Source Files</Filter>
    </None>
    <None Include="..\Choices\Compile\RPGPFunc.acs">
      <Filter>Source Files</Filter>
    </None>
    <None Include="..\Choices\Compile\RPGPerks.acs">
      <Filter>Source Files</Filter>
    </None>
    <None Include="..\Choices\Compile\RPGPDisc.acs">
      <Filter>Source Files</Filter>
    </None>
    <None Include="..\Choices\Compile\RPGPain.acs">
      <Filter>Source Files</Filter>
    </None>
    <None Include="..\Choices\Compile\RPGOpen.acs">
      <Filter>Source Files</Filter>
    </None>
    <None Include="..\Choices\Compile\RPGOList.acs">
      <Filter>Source Files</Filter>
    </None>
    <None Include="..\Choices\Compile\RPGOFunc.acs">
      <Filter>Source Files</Filter>
    </None>
    <None Include="..\Choices\Compile\RPGObj.acs">
      <Filter>Source Files</Filter>
    </None>
    <None Include="..\Choices\Compile\RPGMVars.acs">
      <Filter>Source Files</Filter>
    </None>
    <None Include="..\Choices\Compile\RPGMove.acs">
      <Filter>Source Files</Filter>
    </None>
    <None Include="..\Choices\Compile\RPGMFunc.acs">
      <Filter>Source Files</Filter>
    </None>
    <None Include="..\Choices\Compile\RPGMenu.acs">
      <Filter>Source Files</Filter>
    </None>
    <None Include="..\Choices\Compile\RPGLFunc.acs">
      <Filter>Source Files</Filter>
    </None>
    <None Include="..\Choices\Compile\RPGLevel.acs">
      <Filter>Source Files</Filter>
    </None>
    <None Include="..\Choices\Compile\RPGKFunc.acs">
      <Filter>Source Files</Filter>
    </None>
    <None Include="..\Choices\Compile\RPGKeys.acs">
      <Filter>Source Files</Filter>
    </None>
    <None Include="..\Choices\Compile\RPGIVars.acs">
      <Filter>Source Files</Filter>
    </None>
    <None Include="..\Choices\Compile\RPGItems.acs">
      <Filter>Source Files</Filter>
    </None>
    <None Include="..\Choices\Compile\RPGIList.acs">
      <Filter>Source Files</Filter>
    </None>
    <None Include="..\Choices\Compile\RPGIFunc.acs">
      <Filter>Source Files</Filter>
    </None>
    <None Include="..\Choices\Compile\RPGGVars.acs">
      <Filter>Source Files</Filter>
    </None>
    <None Include="..\Choices\Compile\RPGGreet.acs">
      <Filter>Source Files</Filter>
    </None>
    <None Include="..\Choices\Compile\RPGExp.acs">
      <Filter>Source Files</Filter>
    </None>
    <None Include="..\Choices\Compile\RPGError.acs">
      <Filter>Source Files</Filter>
    </None>
    <None Include="..\Choices\Compile\RPGEnemy.acs">
      <Filter>Source Files</Filter>
    </None>
    <None Include="..\Choices\Compile\RPGDraw.acs">
      <Filter>Source Files</Filter>
    </None>
    <None Include="..\Choices\Compile\RPGDList.acs">
      <Filter>Source Files</Filter>
    </None>
    <None Include="..\Choices\Compile\RPGDeath.acs">
      <Filter>Source Files</Filter>
    </None>
    <None Include="..\Choices\Compile\RPGCount.acs">
      <Filter>Source Files</Filter>
    </None>
    <None Include="..\Choices\Compile\RPGConst.acs">
      <Filter>Source Files</Filter>
    </None>
    <None Include="..\Choices\Compile\RPGColor.acs">
      <Filter>Source Files</Filter>
    </None>
    <None Include="..\Choices\Compile\RPGAlly.acs">
      <Filter>Source Files</Filter>
    </None>
    <None Include="..\Choices\Compile\RPGAlert.acs">
      <Filter>Source Files</Filter>
    </None>
    <None Include="..\Choices\Compile\RPGAFunc.acs">
      <Filter>Source Files</Filter>
    </None>
    <None Include="..\Choices\Compile\RPGActor.acs">
      <Filter>Source Files</Filter>
    </None>
  </ItemGroup>
</Project>